
Microsoft Visual Studio Solution File, Format Version 12.00
# Visual Studio Version 17
VisualStudioVersion = 17.14.36414.22
MinimumVisualStudioVersion = 10.0.40219.1
Project("{FAE04EC0-301F-11D3-BF4B-00C04F79EFBC}") = "PatientManagement.API", "PatientManagement.API\PatientManagement.API.csproj", "{5C219D81-E8FA-4A57-AE4E-FE1495FABECE}"
EndProject
Project("{FAE04EC0-301F-11D3-BF4B-00C04F79EFBC}") = "PatientManagement.Tests", "PatientManagement.Tests\PatientManagement.Tests.csproj", "{BD1D4849-C863-43EB-8846-B0699BB4BE16}"
EndProject
Project("{2150E333-8FDC-42A3-9474-1A3956D46DE8}") = "Documentation", "Documentation", "{02EA681E-C7D8-13C7-8484-4AC65E1B71E8}"
	ProjectSection(SolutionItems) = preProject
		Documentation\Sitecore IA.docx = Documentation\Sitecore IA.docx
		Documentation\SQL_Optimization_ExecutionPlan.docx = Documentation\SQL_Optimization_ExecutionPlan.docx
	EndProjectSection
EndProject
Project("{2150E333-8FDC-42A3-9474-1A3956D46DE8}") = "DB Scripts", "DB Scripts", "{635E891A-959B-4EAA-B5B2-377BFEF83CB8}"
	ProjectSection(SolutionItems) = preProject
		Documentation\DB Scripts\ReportingQueries.sql = Documentation\DB Scripts\ReportingQueries.sql
		Documentation\DB Scripts\DB Schema.sql = Documentation\DB Scripts\DB Schema.sql
		Documentation\DB Scripts\SQL_Optimization_AddIndex.sql = Documentation\DB Scripts\SQL_Optimization_AddIndex.sql
	EndProjectSection
EndProject
Global
	GlobalSection(SolutionConfigurationPlatforms) = preSolution
		Debug|Any CPU = Debug|Any CPU
		Debug|x64 = Debug|x64
		Debug|x86 = Debug|x86
		Release|Any CPU = Release|Any CPU
		Release|x64 = Release|x64
		Release|x86 = Release|x86
	EndGlobalSection
	GlobalSection(ProjectConfigurationPlatforms) = postSolution
		{5C219D81-E8FA-4A57-AE4E-FE1495FABECE}.Debug|Any CPU.ActiveCfg = Debug|Any CPU
		{5C219D81-E8FA-4A57-AE4E-FE1495FABECE}.Debug|Any CPU.Build.0 = Debug|Any CPU
		{5C219D81-E8FA-4A57-AE4E-FE1495FABECE}.Debug|x64.ActiveCfg = Debug|Any CPU
		{5C219D81-E8FA-4A57-AE4E-FE1495FABECE}.Debug|x64.Build.0 = Debug|Any CPU
		{5C219D81-E8FA-4A57-AE4E-FE1495FABECE}.Debug|x86.ActiveCfg = Debug|Any CPU
		{5C219D81-E8FA-4A57-AE4E-FE1495FABECE}.Debug|x86.Build.0 = Debug|Any CPU
		{5C219D81-E8FA-4A57-AE4E-FE1495FABECE}.Release|Any CPU.ActiveCfg = Release|Any CPU
		{5C219D81-E8FA-4A57-AE4E-FE1495FABECE}.Release|Any CPU.Build.0 = Release|Any CPU
		{5C219D81-E8FA-4A57-AE4E-FE1495FABECE}.Release|x64.ActiveCfg = Release|Any CPU
		{5C219D81-E8FA-4A57-AE4E-FE1495FABECE}.Release|x64.Build.0 = Release|Any CPU
		{5C219D81-E8FA-4A57-AE4E-FE1495FABECE}.Release|x86.ActiveCfg = Release|Any CPU
		{5C219D81-E8FA-4A57-AE4E-FE1495FABECE}.Release|x86.Build.0 = Release|Any CPU
		{BD1D4849-C863-43EB-8846-B0699BB4BE16}.Debug|Any CPU.ActiveCfg = Debug|Any CPU
		{BD1D4849-C863-43EB-8846-B0699BB4BE16}.Debug|Any CPU.Build.0 = Debug|Any CPU
		{BD1D4849-C863-43EB-8846-B0699BB4BE16}.Debug|x64.ActiveCfg = Debug|Any CPU
		{BD1D4849-C863-43EB-8846-B0699BB4BE16}.Debug|x64.Build.0 = Debug|Any CPU
		{BD1D4849-C863-43EB-8846-B0699BB4BE16}.Debug|x86.ActiveCfg = Debug|Any CPU
		{BD1D4849-C863-43EB-8846-B0699BB4BE16}.Debug|x86.Build.0 = Debug|Any CPU
		{BD1D4849-C863-43EB-8846-B0699BB4BE16}.Release|Any CPU.ActiveCfg = Release|Any CPU
		{BD1D4849-C863-43EB-8846-B0699BB4BE16}.Release|Any CPU.Build.0 = Release|Any CPU
		{BD1D4849-C863-43EB-8846-B0699BB4BE16}.Release|x64.ActiveCfg = Release|Any CPU
		{BD1D4849-C863-43EB-8846-B0699BB4BE16}.Release|x64.Build.0 = Release|Any CPU
		{BD1D4849-C863-43EB-8846-B0699BB4BE16}.Release|x86.ActiveCfg = Release|Any CPU
		{BD1D4849-C863-43EB-8846-B0699BB4BE16}.Release|x86.Build.0 = Release|Any CPU
	EndGlobalSection
	GlobalSection(SolutionProperties) = preSolution
		HideSolutionNode = FALSE
	EndGlobalSection
	GlobalSection(NestedProjects) = preSolution
		{635E891A-959B-4EAA-B5B2-377BFEF83CB8} = {02EA681E-C7D8-13C7-8484-4AC65E1B71E8}
	EndGlobalSection
	GlobalSection(ExtensibilityGlobals) = postSolution
		SolutionGuid = {642CF874-FDC1-442C-B149-289379B23850}
	EndGlobalSection
EndGlobal
